
Microsoft Visual Studio Solution File, Format Version 12.00
# Visual Studio Version 17
VisualStudioVersion = 17.14.37628.2 d17.14
MinimumVisualStudioVersion = 10.0.40219.1
Project("{FAE04EC0-301F-11D3-BF4B-00C04F79EFBC}") = "Tyuiu.KortelyovDN.Sprint0.Task0.V0", "Tyuiu.KortelyovDN.Sprint0.Task0.V0\Tyuiu.KortelyovDN.Sprint0.Task0.V0.csproj", "{A4E97262-F176-4D3B-8DD1-B84D6E68F2A9}"
EndProject
Project("{2150E333-8FDC-42A3-9474-1A3956D46DE8}") = "Task0", "Task0", "{02EA681E-C7D8-13C7-8484-4AC65E1B71E8}"
EndProject
Project("{2150E333-8FDC-42A3-9474-1A3956D46DE8}") = "Task1", "Task1", "{7B5333E8-A3DE-4357-965F-45676CAC5C5B}"
EndProject
Project("{FAE04EC0-301F-11D3-BF4B-00C04F79EFBC}") = "Tyuiu.KortelyovDN.Sprint0.Task1.V0", "Tyuiu.KortelyovDN.Sprint0.Task1.V0\Tyuiu.KortelyovDN.Sprint0.Task1.V0.csproj", "{EF055B79-25EC-4494-B9D6-9EB2EC4450C8}"
EndProject
Project("{2150E333-8FDC-42A3-9474-1A3956D46DE8}") = "Task2", "Task2", "{35D9B29A-ECD7-4A44-80FA-4F9566579F0D}"
EndProject
Project("{FAE04EC0-301F-11D3-BF4B-00C04F79EFBC}") = "Tyuiu.KortelyovDN.Sprint0.Task2.V0", "Tyuiu.KortelyovDN.Sprint0.Task2.V0\Tyuiu.KortelyovDN.Sprint0.Task2.V0.csproj", "{8591EC47-FD3B-407A-979F-5A4CD58C65EF}"
EndProject
Project("{FAE04EC0-301F-11D3-BF4B-00C04F79EFBC}") = "Tyuiu.KortelyovDN.Sprint0.Task2.V0.Test", "Tyuiu.KortelyovDN.Sprint0.Task2.V0.Test\Tyuiu.KortelyovDN.Sprint0.Task2.V0.Test.csproj", "{D7E09416-89EE-47F6-B1EC-CD4A224CD993}"
EndProject
Project("{FAE04EC0-301F-11D3-BF4B-00C04F79EFBC}") = "Tyuiu.KortelyovDN.Sprint0.Task2.V0.Lib", "Tyuiu.KortelyovDN.Sprint0.Task2.V0.Lib\Tyuiu.KortelyovDN.Sprint0.Task2.V0.Lib.csproj", "{AEA9D9CD-16E9-4A89-910B-CC2058FFD408}"
EndProject
Project("{2150E333-8FDC-42A3-9474-1A3956D46DE8}") = "Task3", "Task3", "{0BB793BC-3504-4993-89CC-C3E4DA8B3C93}"
EndProject
Project("{FAE04EC0-301F-11D3-BF4B-00C04F79EFBC}") = "Tyuiu.KortelyovDN.Sprint0.Task3.V0", "Tyuiu.KortelyovDN.Sprint0.Task3.V0\Tyuiu.KortelyovDN.Sprint0.Task3.V0.csproj", "{A4A20EC5-332A-449F-B91B-91EC5CDA9308}"
EndProject
Project("{FAE04EC0-301F-11D3-BF4B-00C04F79EFBC}") = "Tyuiu.KortelyovDN.Sprint0.Task3.V0.Lib", "Tyuiu.KortelyovDN.Sprint0.Task3.V0.Lib\Tyuiu.KortelyovDN.Sprint0.Task3.V0.Lib.csproj", "{D1E9A564-1865-4230-9635-35891653096A}"
EndProject
Project("{FAE04EC0-301F-11D3-BF4B-00C04F79EFBC}") = "Tyuiu.KortelyovDN.Sprint0.Task3.V0.Test", "Tyuiu.KortelyovDN.Sprint0.Task3.V0.Test\Tyuiu.KortelyovDN.Sprint0.Task3.V0.Test.csproj", "{33C1B11D-0234-4C51-83D8-F069226C8019}"
EndProject
Project("{2150E333-8FDC-42A3-9474-1A3956D46DE8}") = "Task4", "Task4", "{539ACBEC-ECCF-409B-A3A6-368C13D63E39}"
EndProject
Project("{FAE04EC0-301F-11D3-BF4B-00C04F79EFBC}") = "Tyuiu.KortelyovDN.Sprint0.Task4.V0", "Tyuiu.KortelyovDN.Sprint0.Task4.V0\Tyuiu.KortelyovDN.Sprint0.Task4.V0.csproj", "{BB627EE4-EBD3-4862-8406-0820CF4DD046}"
EndProject
Project("{FAE04EC0-301F-11D3-BF4B-00C04F79EFBC}") = "Tyuiu.KortelyovDN.Sprint0.Task4.V0.Test", "Tyuiu.KortelyovDN.Sprint0.Task4.V0.Test\Tyuiu.KortelyovDN.Sprint0.Task4.V0.Test.csproj", "{213E4877-A02C-4DD2-B168-3D9744C0F0DA}"
EndProject
Project("{FAE04EC0-301F-11D3-BF4B-00C04F79EFBC}") = "Tyuiu.KortelyovDN.Sprint0.Task4.V0.Lib", "Tyuiu.KortelyovDN.Sprint0.Task4.V0.Lib\Tyuiu.KortelyovDN.Sprint0.Task4.V0.Lib.csproj", "{5632CBFB-1105-4829-9D49-B701255E2DC2}"
EndProject
Project("{2150E333-8FDC-42A3-9474-1A3956D46DE8}") = "Task5", "Task5", "{82F3965B-9552-4976-92B9-32C427AD0DAD}"
EndProject
Project("{FAE04EC0-301F-11D3-BF4B-00C04F79EFBC}") = "Tyuiu.KortelyovDN.Sprint0.Task5.V0", "Tyuiu.KortelyovDN.Sprint0.Task5.V0\Tyuiu.KortelyovDN.Sprint0.Task5.V0.csproj", "{572ECB88-57ED-46B6-8799-7A55E13CA5B3}"
EndProject
Project("{FAE04EC0-301F-11D3-BF4B-00C04F79EFBC}") = "Tyuiu.KortelyovDN.Sprint0.Task5.V0.Lib", "Tyuiu.KortelyovDN.Sprint0.Task5.V0.Lib\Tyuiu.KortelyovDN.Sprint0.Task5.V0.Lib.csproj", "{E1862228-A1E0-4C15-90EF-3B81D714E924}"
EndProject
Project("{FAE04EC0-301F-11D3-BF4B-00C04F79EFBC}") = "Tyuiu.KortelyovDN.Sprint0.Task5.V0.Test", "Tyuiu.KortelyovDN.Sprint0.Task5.V0.Test\Tyuiu.KortelyovDN.Sprint0.Task5.V0.Test.csproj", "{651FFC1D-B1E7-4E39-86C6-648BCE765883}"
EndProject
Global
	GlobalSection(SolutionConfigurationPlatforms) = preSolution
		Debug|Any CPU = Debug|Any CPU
		Release|Any CPU = Release|Any CPU
	EndGlobalSection
	GlobalSection(ProjectConfigurationPlatforms) = postSolution
		{A4E97262-F176-4D3B-8DD1-B84D6E68F2A9}.Debug|Any CPU.ActiveCfg = Debug|Any CPU
		{A4E97262-F176-4D3B-8DD1-B84D6E68F2A9}.Debug|Any CPU.Build.0 = Debug|Any CPU
		{A4E97262-F176-4D3B-8DD1-B84D6E68F2A9}.Release|Any CPU.ActiveCfg = Release|Any CPU
		{A4E97262-F176-4D3B-8DD1-B84D6E68F2A9}.Release|Any CPU.Build.0 = Release|Any CPU
		{EF055B79-25EC-4494-B9D6-9EB2EC4450C8}.Debug|Any CPU.ActiveCfg = Debug|Any CPU
		{EF055B79-25EC-4494-B9D6-9EB2EC4450C8}.Debug|Any CPU.Build.0 = Debug|Any CPU
		{EF055B79-25EC-4494-B9D6-9EB2EC4450C8}.Release|Any CPU.ActiveCfg = Release|Any CPU
		{EF055B79-25EC-4494-B9D6-9EB2EC4450C8}.Release|Any CPU.Build.0 = Release|Any CPU
		{8591EC47-FD3B-407A-979F-5A4CD58C65EF}.Debug|Any CPU.ActiveCfg = Debug|Any CPU
		{8591EC47-FD3B-407A-979F-5A4CD58C65EF}.Debug|Any CPU.Build.0 = Debug|Any CPU
		{8591EC47-FD3B-407A-979F-5A4CD58C65EF}.Release|Any CPU.ActiveCfg = Release|Any CPU
		{8591EC47-FD3B-407A-979F-5A4CD58C65EF}.Release|Any CPU.Build.0 = Release|Any CPU
		{D7E09416-89EE-47F6-B1EC-CD4A224CD993}.Debug|Any CPU.ActiveCfg = Debug|Any CPU
		{D7E09416-89EE-47F6-B1EC-CD4A224CD993}.Debug|Any CPU.Build.0 = Debug|Any CPU
		{D7E09416-89EE-47F6-B1EC-CD4A224CD993}.Release|Any CPU.ActiveCfg = Release|Any CPU
		{D7E09416-89EE-47F6-B1EC-CD4A224CD993}.Release|Any CPU.Build.0 = Release|Any CPU
		{AEA9D9CD-16E9-4A89-910B-CC2058FFD408}.Debug|Any CPU.ActiveCfg = Debug|Any CPU
		{AEA9D9CD-16E9-4A89-910B-CC2058FFD408}.Debug|Any CPU.Build.0 = Debug|Any CPU
		{AEA9D9CD-16E9-4A89-910B-CC2058FFD408}.Release|Any CPU.ActiveCfg = Release|Any CPU
		{AEA9D9CD-16E9-4A89-910B-CC2058FFD408}.Release|Any CPU.Build.0 = Release|Any CPU
		{A4A20EC5-332A-449F-B91B-91EC5CDA9308}.Debug|Any CPU.ActiveCfg = Debug|Any CPU
		{A4A20EC5-332A-449F-B91B-91EC5CDA9308}.Debug|Any CPU.Build.0 = Debug|Any CPU
		{A4A20EC5-332A-449F-B91B-91EC5CDA9308}.Release|Any CPU.ActiveCfg = Release|Any CPU
		{A4A20EC5-332A-449F-B91B-91EC5CDA9308}.Release|Any CPU.Build.0 = Release|Any CPU
		{D1E9A564-1865-4230-9635-35891653096A}.Debug|Any CPU.ActiveCfg = Debug|Any CPU
		{D1E9A564-1865-4230-9635-35891653096A}.Debug|Any CPU.Build.0 = Debug|Any CPU
		{D1E9A564-1865-4230-9635-35891653096A}.Release|Any CPU.ActiveCfg = Release|Any CPU
		{D1E9A564-1865-4230-9635-35891653096A}.Release|Any CPU.Build.0 = Release|Any CPU
		{33C1B11D-0234-4C51-83D8-F069226C8019}.Debug|Any CPU.ActiveCfg = Debug|Any CPU
		{33C1B11D-0234-4C51-83D8-F069226C8019}.Debug|Any CPU.Build.0 = Debug|Any CPU
		{33C1B11D-0234-4C51-83D8-F069226C8019}.Release|Any CPU.ActiveCfg = Release|Any CPU
		{33C1B11D-0234-4C51-83D8-F069226C8019}.Release|Any CPU.Build.0 = Release|Any CPU
		{BB627EE4-EBD3-4862-8406-0820CF4DD046}.Debug|Any CPU.ActiveCfg = Debug|Any CPU
		{BB627EE4-EBD3-4862-8406-0820CF4DD046}.Debug|Any CPU.Build.0 = Debug|Any CPU
		{BB627EE4-EBD3-4862-8406-0820CF4DD046}.Release|Any CPU.ActiveCfg = Release|Any CPU
		{BB627EE4-EBD3-4862-8406-0820CF4DD046}.Release|Any CPU.Build.0 = Release|Any CPU
		{213E4877-A02C-4DD2-B168-3D9744C0F0DA}.Debug|Any CPU.ActiveCfg = Debug|Any CPU
		{213E4877-A02C-4DD2-B168-3D9744C0F0DA}.Debug|Any CPU.Build.0 = Debug|Any CPU
		{213E4877-A02C-4DD2-B168-3D9744C0F0DA}.Release|Any CPU.ActiveCfg = Release|Any CPU
		{213E4877-A02C-4DD2-B168-3D9744C0F0DA}.Release|Any CPU.Build.0 = Release|Any CPU
		{5632CBFB-1105-4829-9D49-B701255E2DC2}.Debug|Any CPU.ActiveCfg = Debug|Any CPU
		{5632CBFB-1105-4829-9D49-B701255E2DC2}.Debug|Any CPU.Build.0 = Debug|Any CPU
		{5632CBFB-1105-4829-9D49-B701255E2DC2}.Release|Any CPU.ActiveCfg = Release|Any CPU
		{5632CBFB-1105-4829-9D49-B701255E2DC2}.Release|Any CPU.Build.0 = Release|Any CPU
		{572ECB88-57ED-46B6-8799-7A55E13CA5B3}.Debug|Any CPU.ActiveCfg = Debug|Any CPU
		{572ECB88-57ED-46B6-8799-7A55E13CA5B3}.Debug|Any CPU.Build.0 = Debug|Any CPU
		{572ECB88-57ED-46B6-8799-7A55E13CA5B3}.Release|Any CPU.ActiveCfg = Release|Any CPU
		{572ECB88-57ED-46B6-8799-7A55E13CA5B3}.Release|Any CPU.Build.0 = Release|Any CPU
		{E1862228-A1E0-4C15-90EF-3B81D714E924}.Debug|Any CPU.ActiveCfg = Debug|Any CPU
		{E1862228-A1E0-4C15-90EF-3B81D714E924}.Debug|Any CPU.Build.0 = Debug|Any CPU
		{E1862228-A1E0-4C15-90EF-3B81D714E924}.Release|Any CPU.ActiveCfg = Release|Any CPU
		{E1862228-A1E0-4C15-90EF-3B81D714E924}.Release|Any CPU.Build.0 = Release|Any CPU
		{651FFC1D-B1E7-4E39-86C6-648BCE765883}.Debug|Any CPU.ActiveCfg = Debug|Any CPU
		{651FFC1D-B1E7-4E39-86C6-648BCE765883}.Debug|Any CPU.Build.0 = Debug|Any CPU
		{651FFC1D-B1E7-4E39-86C6-648BCE765883}.Release|Any CPU.ActiveCfg = Release|Any CPU
		{651FFC1D-B1E7-4E39-86C6-648BCE765883}.Release|Any CPU.Build.0 = Release|Any CPU
	EndGlobalSection
	GlobalSection(SolutionProperties) = preSolution
		HideSolutionNode = FALSE
	EndGlobalSection
	GlobalSection(NestedProjects) = preSolution
		{A4E97262-F176-4D3B-8DD1-B84D6E68F2A9} = {02EA681E-C7D8-13C7-8484-4AC65E1B71E8}
		{EF055B79-25EC-4494-B9D6-9EB2EC4450C8} = {7B5333E8-A3DE-4357-965F-45676CAC5C5B}
		{8591EC47-FD3B-407A-979F-5A4CD58C65EF} = {35D9B29A-ECD7-4A44-80FA-4F9566579F0D}
		{D7E09416-89EE-47F6-B1EC-CD4A224CD993} = {35D9B29A-ECD7-4A44-80FA-4F9566579F0D}
		{AEA9D9CD-16E9-4A89-910B-CC2058FFD408} = {35D9B29A-ECD7-4A44-80FA-4F9566579F0D}
		{A4A20EC5-332A-449F-B91B-91EC5CDA9308} = {0BB793BC-3504-4993-89CC-C3E4DA8B3C93}
		{D1E9A564-1865-4230-9635-35891653096A} = {0BB793BC-3504-4993-89CC-C3E4DA8B3C93}
		{33C1B11D-0234-4C51-83D8-F069226C8019} = {0BB793BC-3504-4993-89CC-C3E4DA8B3C93}
		{BB627EE4-EBD3-4862-8406-0820CF4DD046} = {539ACBEC-ECCF-409B-A3A6-368C13D63E39}
		{213E4877-A02C-4DD2-B168-3D9744C0F0DA} = {539ACBEC-ECCF-409B-A3A6-368C13D63E39}
		{5632CBFB-1105-4829-9D49-B701255E2DC2} = {539ACBEC-ECCF-409B-A3A6-368C13D63E39}
		{572ECB88-57ED-46B6-8799-7A55E13CA5B3} = {82F3965B-9552-4976-92B9-32C427AD0DAD}
		{E1862228-A1E0-4C15-90EF-3B81D714E924} = {82F3965B-9552-4976-92B9-32C427AD0DAD}
		{651FFC1D-B1E7-4E39-86C6-648BCE765883} = {82F3965B-9552-4976-92B9-32C427AD0DAD}
	EndGlobalSection
	GlobalSection(ExtensibilityGlobals) = postSolution
		SolutionGuid = {8EB7A0FC-302C-4A28-B0FD-19599D15A237}
	EndGlobalSection
EndGlobal
